Microsoft Visual Studio Solution File, Format Version 12.00
# Visual Studio Version 18
VisualStudioVersion = 18.2.11415.280 d18.0
MinimumVisualStudioVersion = 10.0.40219.1
Project("{2150E333-8FDC-42A3-9474-1A3956D46DE8}") = "TierListAPI", "TierListAPI", "{51FD8929-FB45-BA6A-2AEE-7B05827E43FF}"
EndProject
Project("{FAE04EC0-301F-11D3-BF4B-00C04F79EFBC}") = "TierListAPI", "TierListAPI\TierListAPI.csproj", "{CED1CA14-F92A-C1AB-7355-7B9A2CD6E7E4}"
EndProject
Global
	GlobalSection(SolutionConfigurationPlatforms) = preSolution
		Debug|Any CPU = Debug|Any CPU
		Release|Any CPU = Release|Any CPU
	EndGlobalSection
	GlobalSection(ProjectConfigurationPlatforms) = postSolution
		{CED1CA14-F92A-C1AB-7355-7B9A2CD6E7E4}.Debug|Any CPU.ActiveCfg = Debug|Any CPU
		{CED1CA14-F92A-C1AB-7355-7B9A2CD6E7E4}.Debug|Any CPU.Build.0 = Debug|Any CPU
		{CED1CA14-F92A-C1AB-7355-7B9A2CD6E7E4}.Release|Any CPU.ActiveCfg = Release|Any CPU
		{CED1CA14-F92A-C1AB-7355-7B9A2CD6E7E4}.Release|Any CPU.Build.0 = Release|Any CPU
	EndGlobalSection
	GlobalSection(SolutionProperties) = preSolution
		HideSolutionNode = FALSE
	EndGlobalSection
	GlobalSection(NestedProjects) = preSolution
		{CED1CA14-F92A-C1AB-7355-7B9A2CD6E7E4} = {51FD8929-FB45-BA6A-2AEE-7B05827E43FF}
	EndGlobalSection
	GlobalSection(ExtensibilityGlobals) = postSolution
		SolutionGuid = {06CD7E12-F093-4C97-8866-798642A71366}
	EndGlobalSection
EndGlobal
